
Microsoft Visual Studio Solution File, Format Version 12.00
# Visual Studio Version 17
VisualStudioVersion = 17.4.33103.184
MinimumVisualStudioVersion = 10.0.40219.1
Project("{FAE04EC0-301F-11D3-BF4B-00C04F79EFBC}") = "WpfApp3", "WpfApp3\WpfApp3.csproj", "{D3D68CB6-8FFD-4CAA-A0C5-2BFA61CDDA93}"
EndProject
Global
	GlobalSection(SolutionConfigurationPlatforms) = preSolution
		Debug|Any CPU = Debug|Any CPU
		Release|Any CPU = Release|Any CPU
	EndGlobalSection
	GlobalSection(ProjectConfigurationPlatforms) = postSolution
		{D3D68CB6-8FFD-4CAA-A0C5-2BFA61CDDA93}.Debug|Any CPU.ActiveCfg = Debug|Any CPU
		{D3D68CB6-8FFD-4CAA-A0C5-2BFA61CDDA93}.Debug|Any CPU.Build.0 = Debug|Any CPU
		{D3D68CB6-8FFD-4CAA-A0C5-2BFA61CDDA93}.Release|Any CPU.ActiveCfg = Release|Any CPU
		{D3D68CB6-8FFD-4CAA-A0C5-2BFA61CDDA93}.Release|Any CPU.Build.0 = Release|Any CPU
	EndGlobalSection
	GlobalSection(SolutionProperties) = preSolution
		HideSolutionNode = FALSE
	EndGlobalSection
	GlobalSection(ExtensibilityGlobals) = postSolution
		SolutionGuid = {29CB9ACF-EF76-4B88-AB70-BB7B160EC10C}
	EndGlobalSection
EndGlobal
